
Microsoft Visual Studio Solution File, Format Version 12.00
# Visual Studio Version 17
VisualStudioVersion = 17.8.34601.278
MinimumVisualStudioVersion = 10.0.40219.1
Project("{FAE04EC0-301F-11D3-BF4B-00C04F79EFBC}") = "p4g64.fogrestoration", "p4g64.fogrestoration\p4g64.fogrestoration.csproj", "{A420618D-E540-4248-BE8D-AD48C260BB9C}"
EndProject
Global
	GlobalSection(SolutionConfigurationPlatforms) = preSolution
		Debug|Any CPU = Debug|Any CPU
		Release|Any CPU = Release|Any CPU
	EndGlobalSection
	GlobalSection(ProjectConfigurationPlatforms) = postSolution
		{A420618D-E540-4248-BE8D-AD48C260BB9C}.Debug|Any CPU.ActiveCfg = Debug|Any CPU
		{A420618D-E540-4248-BE8D-AD48C260BB9C}.Debug|Any CPU.Build.0 = Debug|Any CPU
		{A420618D-E540-4248-BE8D-AD48C260BB9C}.Release|Any CPU.ActiveCfg = Release|Any CPU
		{A420618D-E540-4248-BE8D-AD48C260BB9C}.Release|Any CPU.Build.0 = Release|Any CPU
	EndGlobalSection
	GlobalSection(SolutionProperties) = preSolution
		HideSolutionNode = FALSE
	EndGlobalSection
	GlobalSection(ExtensibilityGlobals) = postSolution
		SolutionGuid = {F8A9F35B-3095-4ADD-85E6-6DB0B521EBAE}
	EndGlobalSection
EndGlobal
